
Microsoft Visual Studio Solution File, Format Version 12.00
# Visual Studio Version 17
VisualStudioVersion = 17.6.33829.357
MinimumVisualStudioVersion = 10.0.40219.1
Project("{8BC9CEB8-8B4A-11D0-8D11-00A0C91BC942}") = "Lecture04-HW", "Lecture04-HW\Lecture04-HW.vcxproj", "{278ED99E-8ACA-4571-B5A1-6FCE37CB8B60}"
EndProject
Global
	GlobalSection(SolutionConfigurationPlatforms) = preSolution
		Debug|x64 = Debug|x64
		Debug|x86 = Debug|x86
		Release|x64 = Release|x64
		Release|x86 = Release|x86
	EndGlobalSection
	GlobalSection(ProjectConfigurationPlatforms) = postSolution
		{278ED99E-8ACA-4571-B5A1-6FCE37CB8B60}.Debug|x64.ActiveCfg = Debug|x64
		{278ED99E-8ACA-4571-B5A1-6FCE37CB8B60}.Debug|x64.Build.0 = Debug|x64
		{278ED99E-8ACA-4571-B5A1-6FCE37CB8B60}.Debug|x86.ActiveCfg = Debug|Win32
		{278ED99E-8ACA-4571-B5A1-6FCE37CB8B60}.Debug|x86.Build.0 = Debug|Win32
		{278ED99E-8ACA-4571-B5A1-6FCE37CB8B60}.Release|x64.ActiveCfg = Release|x64
		{278ED99E-8ACA-4571-B5A1-6FCE37CB8B60}.Release|x64.Build.0 = Release|x64
		{278ED99E-8ACA-4571-B5A1-6FCE37CB8B60}.Release|x86.ActiveCfg = Release|Win32
		{278ED99E-8ACA-4571-B5A1-6FCE37CB8B60}.Release|x86.Build.0 = Release|Win32
	EndGlobalSection
	GlobalSection(SolutionProperties) = preSolution
		HideSolutionNode = FALSE
	EndGlobalSection
	GlobalSection(ExtensibilityGlobals) = postSolution
		SolutionGuid = {ED4EA159-ED41-43BA-BE29-94A70C169BC0}
	EndGlobalSection
EndGlobal
